
Microsoft Visual Studio Solution File, Format Version 12.00
# Visual Studio Version 17
VisualStudioVersion = 17.9.34622.214
MinimumVisualStudioVersion = 10.0.40219.1
Project("{FAE04EC0-301F-11D3-BF4B-00C04F79EFBC}") = "BookLibrary", "BookLibrary\BookLibrary.csproj", "{676B6C38-B85F-4CEC-9B51-37BD10B0BF8B}"
EndProject
Global
	GlobalSection(SolutionConfigurationPlatforms) = preSolution
		Debug|Any CPU = Debug|Any CPU
		Release|Any CPU = Release|Any CPU
	EndGlobalSection
	GlobalSection(ProjectConfigurationPlatforms) = postSolution
		{676B6C38-B85F-4CEC-9B51-37BD10B0BF8B}.Debug|Any CPU.ActiveCfg = Debug|Any CPU
		{676B6C38-B85F-4CEC-9B51-37BD10B0BF8B}.Debug|Any CPU.Build.0 = Debug|Any CPU
		{676B6C38-B85F-4CEC-9B51-37BD10B0BF8B}.Release|Any CPU.ActiveCfg = Release|Any CPU
		{676B6C38-B85F-4CEC-9B51-37BD10B0BF8B}.Release|Any CPU.Build.0 = Release|Any CPU
	EndGlobalSection
	GlobalSection(SolutionProperties) = preSolution
		HideSolutionNode = FALSE
	EndGlobalSection
	GlobalSection(ExtensibilityGlobals) = postSolution
		SolutionGuid = {A7B7B3F6-5F8B-4E5C-9D8E-2D6403D9C5AD}
	EndGlobalSection
EndGlobal
